
Microsoft Visual Studio Solution File, Format Version 12.00
# Visual Studio Version 16
VisualStudioVersion = 16.0.31911.196
MinimumVisualStudioVersion = 10.0.40219.1
Project("{FAE04EC0-301F-11D3-BF4B-00C04F79EFBC}") = "StringMethod", "StringMethod\StringMethod.csproj", "{AE49C6B8-4810-42BC-A1F1-4C41B0E0B6F8}"
EndProject
Global
	GlobalSection(SolutionConfigurationPlatforms) = preSolution
		Debug|Any CPU = Debug|Any CPU
		Release|Any CPU = Release|Any CPU
	EndGlobalSection
	GlobalSection(ProjectConfigurationPlatforms) = postSolution
		{AE49C6B8-4810-42BC-A1F1-4C41B0E0B6F8}.Debug|Any CPU.ActiveCfg = Debug|Any CPU
		{AE49C6B8-4810-42BC-A1F1-4C41B0E0B6F8}.Debug|Any CPU.Build.0 = Debug|Any CPU
		{AE49C6B8-4810-42BC-A1F1-4C41B0E0B6F8}.Release|Any CPU.ActiveCfg = Release|Any CPU
		{AE49C6B8-4810-42BC-A1F1-4C41B0E0B6F8}.Release|Any CPU.Build.0 = Release|Any CPU
	EndGlobalSection
	GlobalSection(SolutionProperties) = preSolution
		HideSolutionNode = FALSE
	EndGlobalSection
	GlobalSection(ExtensibilityGlobals) = postSolution
		SolutionGuid = {D5AC50A6-338D-4C1F-A378-DA4BF2198F3C}
	EndGlobalSection
EndGlobal
